
Microsoft Visual Studio Solution File, Format Version 12.00
# Visual Studio 15
VisualStudioVersion = 15.0.27130.2027
MinimumVisualStudioVersion = 10.0.40219.1
Project("{FAE04EC0-301F-11D3-BF4B-00C04F79EFBC}") = "CreateDeviceIdentity", "CreateDeviceIdentity\CreateDeviceIdentity.csproj", "{CFF75A3C-42D5-4F5B-98A5-C807FA372AA5}"
EndProject
Project("{FAE04EC0-301F-11D3-BF4B-00C04F79EFBC}") = "ReadDeviceToCloudMessages", "ReadDeviceToCloudMessages\ReadDeviceToCloudMessages.csproj", "{89BB19D2-55FE-460E-A852-9A48E2FA905C}"
EndProject
Project("{FAE04EC0-301F-11D3-BF4B-00C04F79EFBC}") = "SimulatedDevice", "SimulatedDevice\SimulatedDevice.csproj", "{DE1A97F8-7011-4C3E-8E06-73FAF724A8FB}"
EndProject
Global
	GlobalSection(SolutionConfigurationPlatforms) = preSolution
		Debug|Any CPU = Debug|Any CPU
		Release|Any CPU = Release|Any CPU
	EndGlobalSection
	GlobalSection(ProjectConfigurationPlatforms) = postSolution
		{CFF75A3C-42D5-4F5B-98A5-C807FA372AA5}.Debug|Any CPU.ActiveCfg = Debug|Any CPU
		{CFF75A3C-42D5-4F5B-98A5-C807FA372AA5}.Debug|Any CPU.Build.0 = Debug|Any CPU
		{CFF75A3C-42D5-4F5B-98A5-C807FA372AA5}.Release|Any CPU.ActiveCfg = Release|Any CPU
		{CFF75A3C-42D5-4F5B-98A5-C807FA372AA5}.Release|Any CPU.Build.0 = Release|Any CPU
		{89BB19D2-55FE-460E-A852-9A48E2FA905C}.Debug|Any CPU.ActiveCfg = Debug|Any CPU
		{89BB19D2-55FE-460E-A852-9A48E2FA905C}.Debug|Any CPU.Build.0 = Debug|Any CPU
		{89BB19D2-55FE-460E-A852-9A48E2FA905C}.Release|Any CPU.ActiveCfg = Release|Any CPU
		{89BB19D2-55FE-460E-A852-9A48E2FA905C}.Release|Any CPU.Build.0 = Release|Any CPU
		{DE1A97F8-7011-4C3E-8E06-73FAF724A8FB}.Debug|Any CPU.ActiveCfg = Debug|Any CPU
		{DE1A97F8-7011-4C3E-8E06-73FAF724A8FB}.Debug|Any CPU.Build.0 = Debug|Any CPU
		{DE1A97F8-7011-4C3E-8E06-73FAF724A8FB}.Release|Any CPU.ActiveCfg = Release|Any CPU
		{DE1A97F8-7011-4C3E-8E06-73FAF724A8FB}.Release|Any CPU.Build.0 = Release|Any CPU
	EndGlobalSection
	GlobalSection(SolutionProperties) = preSolution
		HideSolutionNode = FALSE
	EndGlobalSection
	GlobalSection(ExtensibilityGlobals) = postSolution
		EnterpriseLibraryConfigurationToolBinariesPathV6 = packages\EnterpriseLibrary.TransientFaultHandling.6.0.1304.0\lib\portable-net45+win+wp8
		SolutionGuid = {8807D0E7-2858-44F4-9303-670C25B31D84}
	EndGlobalSection
EndGlobal
